// !$*UTF8*$!
{
	archiveVersion = 1;
	classes = {
	};
	objectVersion = 46;
	objects = {

/* Begin PBXBuildFile section */
		E23C2D121A2E37BD00C2E090 /* main.m in Sources */ = {isa = PBXBuildFile; fileRef = E23C2D111A2E37BD00C2E090 /* main.m */; };
		E23C2D151A2E37BD00C2E090 /* AppDelegate.m in Sources */ = {isa = PBXBuildFile; fileRef = E23C2D141A2E37BD00C2E090 /* AppDelegate.m */; };
		E23C2D181A2E37BD00C2E090 /* ViewController.m in Sources */ = {isa = PBXBuildFile; fileRef = E23C2D171A2E37BD00C2E090 /* ViewController.m */; };
		E23C2D1B1A2E37BD00C2E090 /* Main.storyboard in Resources */ = {isa = PBXBuildFile; fileRef = E23C2D191A2E37BD00C2E090 /* Main.storyboard */; };
		E23C2D1D1A2E37BD00C2E090 /* Images.xcassets in Resources */ = {isa = PBXBuildFile; fileRef = E23C2D1C1A2E37BD00C2E090 /* Images.xcassets */; };
		E23C2D201A2E37BD00C2E090 /* LaunchScreen.xib in Resources */ = {isa = PBXBuildFile; fileRef = E23C2D1E1A2E37BD00C2E090 /* LaunchScreen.xib */; };
		E23C2D2C1A2E37BD00C2E090 /* GameeeeTests.m in Sources */ = {isa = PBXBuildFile; fileRef = E23C2D2B1A2E37BD00C2E090 /* GameeeeTests.m */; };
/* End PBXBuildFile section */

/* Begin PBXContainerItemProxy section */
		E23C2D261A2E37BD00C2E090 /* PBXContainerItemProxy */ = {
			isa = PBXContainerItemProxy;
			containerPortal = E23C2D041A2E37BD00C2E090 /* Project object */;
			proxyType = 1;
			remoteGlobalIDString = E23C2D0B1A2E37BD00C2E090;
			remoteInfo = Gameeee;
		};
/* End PBXContainerItemProxy section */

/* Begin PBXFileReference section */
		E23C2D0C1A2E37BD00C2E090 /* Gameeee.app */ = {isa = PBXFileReference; explicitFileType = wrapper.application; includeInIndex = 0; path = Gameeee.app; sourceTree = BUILT_PRODUCTS_DIR; };
		E23C2D101A2E37BD00C2E090 /* Info.plist */ = {isa = PBXFileReference; lastKnownFileType = text.plist.xml; path = Info.plist; sourceTree = "<group>"; };
		E23C2D111A2E37BD00C2E090 /* main.m */ = {isa = PBXFileReference; lastKnownFileType = sourcecode.c.objc; path = main.m; sourceTree = "<group>"; };
		E23C2D131A2E37BD00C2E090 /* AppDelegate.h */ = {isa = PBXFileReference; lastKnownFileType = sourcecode.c.h; path = AppDelegate.h; sourceTree = "<group>"; };
		E23C2D141A2E37BD00C2E090 /* AppDelegate.m */ = {isa = PBXFileReference; lastKnownFileType = sourcecode.c.objc; path = AppDelegate.m; sourceTree = "<group>"; };
		E23C2D161A2E37BD00C2E090 /* ViewController.h */ = {isa = PBXFileReference; lastKnownFileType = sourcecode.c.h; path = ViewController.h; sourceTree = "<group>"; };
		E23C2D171A2E37BD00C2E090 /* ViewController.m */ = {isa = PBXFileReference; lastKnownFileType = sourcecode.c.objc; path = ViewController.m; sourceTree = "<group>"; };
		E23C2D1A1A2E37BD00C2E090 /* Base */ = {isa = PBXFileReference; lastKnownFileType = file.storyboard; name = Base; path = Base.lproj/Main.storyboard; sourceTree = "<group>"; };
		E23C2D1C1A2E37BD00C2E090 /* Images.xcassets */ = {isa = PBXFileReference; lastKnownFileType = folder.assetcatalog; path = Images.xcassets; sourceTree = "<group>"; };
		E23C2D1F1A2E37BD00C2E090 /* Base */ = {isa = PBXFileReference; lastKnownFileType = file.xib; name = Base; path = Base.lproj/LaunchScreen.xib; sourceTree = "<group>"; };
		E23C2D251A2E37BD00C2E090 /* GameeeeTests.xctest */ = {isa = PBXFileReference; explicitFileType = wrapper.cfbundle; includeInIndex = 0; path = GameeeeTests.xctest; sourceTree = BUILT_PRODUCTS_DIR; };
		E23C2D2A1A2E37BD00C2E090 /* Info.plist */ = {isa = PBXFileReference; lastKnownFileType = text.plist.xml; path = Info.plist; sourceTree = "<group>"; };
		E23C2D2B1A2E37BD00C2E090 /* GameeeeTests.m */ = {isa = PBXFileReference; lastKnownFileType = sourcecode.c.objc; path = GameeeeTests.m; sourceTree = "<group>"; };
/* End PBXFileReference section */

/* Begin PBXFrameworksBuildPhase section */
		E23C2D091A2E37BD00C2E090 /* Frameworks */ = {
			isa = PBXFrameworksBuildPhase;
			buildActionMask = 2147483647;
			files = (
			);
			runOnlyForDeploymentPostprocessing = 0;
		};
		E23C2D221A2E37BD00C2E090 /* Frameworks */ = {
			isa = PBXFrameworksBuildPhase;
			buildActionMask = 2147483647;
			files = (
			);
			runOnlyForDeploymentPostprocessing = 0;
		};
/* End PBXFrameworksBuildPhase section */

/* Begin PBXGroup section */
		E23C2D031A2E37BD00C2E090 = {
			isa = PBXGroup;
			children = (
				E23C2D0E1A2E37BD00C2E090 /* Gameeee */,
				E23C2D281A2E37BD00C2E090 /* GameeeeTests */,
				E23C2D0D1A2E37BD00C2E090 /* Products */,
			);
			sourceTree = "<group>";
		};
		E23C2D0D1A2E37BD00C2E090 /* Products */ = {
			isa = PBXGroup;
			children = (
				E23C2D0C1A2E37BD00C2E090 /* Gameeee.app */,
				E23C2D251A2E37BD00C2E090 /* GameeeeTests.xctest */,
			);
			name = Products;
			sourceTree = "<group>";
		};
		E23C2D0E1A2E37BD00C2E090 /* Gameeee */ = {
			isa = PBXGroup;
			children = (
				E23C2D131A2E37BD00C2E090 /* AppDelegate.h */,
				E23C2D141A2E37BD00C2E090 /* AppDelegate.m */,
				E23C2D161A2E37BD00C2E090 /* ViewController.h */,
				E23C2D171A2E37BD00C2E090 /* ViewController.m */,
				E23C2D191A2E37BD00C2E090 /* Main.storyboard */,
				E23C2D1C1A2E37BD00C2E090 /* Images.xcassets */,
				E23C2D1E1A2E37BD00C2E090 /* LaunchScreen.xib */,
				E23C2D0F1A2E37BD00C2E090 /* Supporting Files */,
			);
			path = Gameeee;
			sourceTree = "<group>";
		};
		E23C2D0F1A2E37BD00C2E090 /* Supporting Files */ = {
			isa = PBXGroup;
			children = (
				E23C2D101A2E37BD00C2E090 /* Info.plist */,
				E23C2D111A2E37BD00C2E090 /* main.m */,
			);
			name = "Supporting Files";
			sourceTree = "<group>";
		};
		E23C2D281A2E37BD00C2E090 /* GameeeeTests */ = {
			isa = PBXGroup;
			children = (
				E23C2D2B1A2E37BD00C2E090 /* GameeeeTests.m */,
				E23C2D291A2E37BD00C2E090 /* Supporting Files */,
			);
			path = GameeeeTests;
			sourceTree = "<group>";
		};
		E23C2D291A2E37BD00C2E090 /* Supporting Files */ = {
			isa = PBXGroup;
			children = (
				E23C2D2A1A2E37BD00C2E090 /* Info.plist */,
			);
			name = "Supporting Files";
			sourceTree = "<group>";
		};
/* End PBXGroup section */

/* Begin PBXNativeTarget section */
		E23C2D0B1A2E37BD00C2E090 /* Gameeee */ = {
			isa = PBXNativeTarget;
			buildConfigurationList = E23C2D2F1A2E37BD00C2E090 /* Build configuration list for PBXNativeTarget "Gameeee" */;
			buildPhases = (
				E23C2D081A2E37BD00C2E090 /* Sources */,
				E23C2D091A2E37BD00C2E090 /* Frameworks */,
				E23C2D0A1A2E37BD00C2E090 /* Resources */,
			);
			buildRules = (
			);
			dependencies = (
			);
			name = Gameeee;
			productName = Gameeee;
			productReference = E23C2D0C1A2E37BD00C2E090 /* Gameeee.app */;
			productType = "com.apple.product-type.application";
		};
		E23C2D241A2E37BD00C2E090 /* GameeeeTests */ = {
			isa = PBXNativeTarget;
			buildConfigurationList = E23C2D321A2E37BD00C2E090 /* Build configuration list for PBXNativeTarget "GameeeeTests" */;
			buildPhases = (
				E23C2D211A2E37BD00C2E090 /* Sources */,
				E23C2D221A2E37BD00C2E090 /* Frameworks */,
				E23C2D231A2E37BD00C2E090 /* Resources */,
			);
			buildRules = (
			);
			dependencies = (
				E23C2D271A2E37BD00C2E090 /* PBXTargetDependency */,
			);
			name = GameeeeTests;
			productName = GameeeeTests;
			productReference = E23C2D251A2E37BD00C2E090 /* GameeeeTests.xctest */;
			productType = "com.apple.product-type.bundle.unit-test";
		};
/* End PBXNativeTarget section */

/* Begin PBXProject section */
		E23C2D041A2E37BD00C2E090 /* Project object */ = {
			isa = PBXProject;
			attributes = {
				LastUpgradeCheck = 0610;
				ORGANIZATIONNAME = Sourcebits;
				TargetAttributes = {
					E23C2D0B1A2E37BD00C2E090 = {
						CreatedOnToolsVersion = 6.1;
					};
					E23C2D241A2E37BD00C2E090 = {
						CreatedOnToolsVersion = 6.1;
						TestTargetID = E23C2D0B1A2E37BD00C2E090;
					};
				};
			};
			buildConfigurationList = E23C2D071A2E37BD00C2E090 /* Build configuration list for PBXProject "Gameeee" */;
			compatibilityVersion = "Xcode 3.2";
			developmentRegion = English;
			hasScannedForEncodings = 0;
			knownRegions = (
				en,
				Base,
			);
			mainGroup = E23C2D031A2E37BD00C2E090;
			productRefGroup = E23C2D0D1A2E37BD00C2E090 /* Products */;
			projectDirPath = "";
			projectRoot = "";
			targets = (
				E23C2D0B1A2E37BD00C2E090 /* Gameeee */,
				E23C2D241A2E37BD00C2E090 /* GameeeeTests */,
			);
		};
/* End PBXProject section */

/* Begin PBXResourcesBuildPhase section */
		E23C2D0A1A2E37BD00C2E090 /* Resources */ = {
			isa = PBXResourcesBuildPhase;
			buildActionMask = 2147483647;
			files = (
				E23C2D1B1A2E37BD00C2E090 /* Main.storyboard in Resources */,
				E23C2D201A2E37BD00C2E090 /* LaunchScreen.xib in Resources */,
				E23C2D1D1A2E37BD00C2E090 /* Images.xcassets in Resources */,
			);
			runOnlyForDeploymentPostprocessing = 0;
		};
		E23C2D231A2E37BD00C2E090 /* Resources */ = {
			isa = PBXResourcesBuildPhase;
			buildActionMask = 2147483647;
			files = (
			);
			runOnlyForDeploymentPostprocessing = 0;
		};
/* End PBXResourcesBuildPhase section */

/* Begin PBXSourcesBuildPhase section */
		E23C2D081A2E37BD00C2E090 /* Sources */ = {
			isa = PBXSourcesBuildPhase;
			buildActionMask = 2147483647;
			files = (
				E23C2D181A2E37BD00C2E090 /* ViewController.m in Sources */,
				E23C2D151A2E37BD00C2E090 /* AppDelegate.m in Sources */,
				E23C2D121A2E37BD00C2E090 /* main.m in Sources */,
			);
			runOnlyForDeploymentPostprocessing = 0;
		};
		E23C2D211A2E37BD00C2E090 /* Sources */ = {
			isa = PBXSourcesBuildPhase;
			buildActionMask = 2147483647;
			files = (
				E23C2D2C1A2E37BD00C2E090 /* GameeeeTests.m in Sources */,
			);
			runOnlyForDeploymentPostprocessing = 0;
		};
/* End PBXSourcesBuildPhase section */

/* Begin PBXTargetDependency section */
		E23C2D271A2E37BD00C2E090 /* PBXTargetDependency */ = {
			isa = PBXTargetDependency;
			target = E23C2D0B1A2E37BD00C2E090 /* Gameeee */;
			targetProxy = E23C2D261A2E37BD00C2E090 /* PBXContainerItemProxy */;
		};
/* End PBXTargetDependency section */

/* Begin PBXVariantGroup section */
		E23C2D191A2E37BD00C2E090 /* Main.storyboard */ = {
			isa = PBXVariantGroup;
			children = (
				E23C2D1A1A2E37BD00C2E090 /* Base */,
			);
			name = Main.storyboard;
			sourceTree = "<group>";
		};
		E23C2D1E1A2E37BD00C2E090 /* LaunchScreen.xib */ = {
			isa = PBXVariantGroup;
			children = (
				E23C2D1F1A2E37BD00C2E090 /* Base */,
			);
			name = LaunchScreen.xib;
			sourceTree = "<group>";
		};
/* End PBXVariantGroup section */

/* Begin XCBuildConfiguration section */
		E23C2D2D1A2E37BD00C2E090 /* Debug */ = {
			isa = XCBuildConfiguration;
			buildSettings = {
				ALWAYS_SEARCH_USER_PATHS = NO;
				CLANG_CXX_LANGUAGE_STANDARD = "gnu++0x";
				CLANG_CXX_LIBRARY = "libc++";
				CLANG_ENABLE_MODULES = YES;
				CLANG_ENABLE_OBJC_ARC = YES;
				CLANG_WARN_BOOL_CONVERSION = YES;
				CLANG_WARN_CONSTANT_CONVERSION = YES;
				CLANG_WARN_DIRECT_OBJC_ISA_USAGE = YES_ERROR;
				CLANG_WARN_EMPTY_BODY = YES;
				CLANG_WARN_ENUM_CONVERSION = YES;
				CLANG_WARN_INT_CONVERSION = YES;
				CLANG_WARN_OBJC_ROOT_CLASS = YES_ERROR;
				CLANG_WARN_UNREACHABLE_CODE = YES;
				CLANG_WARN__DUPLICATE_METHOD_MATCH = YES;
				"CODE_SIGN_IDENTITY[sdk=iphoneos*]" = "iPhone Developer";
				COPY_PHASE_STRIP = NO;
				ENABLE_STRICT_OBJC_MSGSEND = YES;
				GCC_C_LANGUAGE_STANDARD = gnu99;
				GCC_DYNAMIC_NO_PIC = NO;
				GCC_OPTIMIZATION_LEVEL = 0;
				GCC_PREPROCESSOR_DEFINITIONS = (
					"DEBUG=1",
					"$(inherited)",
				);
				GCC_SYMBOLS_PRIVATE_EXTERN = NO;
				GCC_WARN_64_TO_32_BIT_CONVERSION = YES;
				GCC_WARN_ABOUT_RETURN_TYPE = YES_ERROR;
				GCC_WARN_UNDECLARED_SELECTOR = YES;
				GCC_WARN_UNINITIALIZED_AUTOS = YES_AGGRESSIVE;
				GCC_WARN_UNUSED_FUNCTION = YES;
				GCC_WARN_UNUSED_VARIABLE = YES;
				IPHONEOS_DEPLOYMENT_TARGET = 8.1;
				MTL_ENABLE_DEBUG_INFO = YES;
				ONLY_ACTIVE_ARCH = YES;
				SDKROOT = iphoneos;
				TARGETED_DEVICE_FAMILY = "1,2";
			};
			name = Debug;
		};
		E23C2D2E1A2E37BD00C2E090 /* Release */ = {
			isa = XCBuildConfiguration;
			buildSettings = {
				ALWAYS_SEARCH_USER_PATHS = NO;
				CLANG_CXX_LANGUAGE_STANDARD = "gnu++0x";
				CLANG_CXX_LIBRARY = "libc++";
				CLANG_ENABLE_MODULES = YES;
				CLANG_ENABLE_OBJC_ARC = YES;
				CLANG_WARN_BOOL_CONVERSION = YES;
				CLANG_WARN_CONSTANT_CONVERSION = YES;
				CLANG_WARN_DIRECT_OBJC_ISA_USAGE = YES_ERROR;
				CLANG_WARN_EMPTY_BODY = YES;
				CLANG_WARN_ENUM_CONVERSION = YES;
				CLANG_WARN_INT_CONVERSION = YES;
				CLANG_WARN_OBJC_ROOT_CLASS = YES_ERROR;
				CLANG_WARN_UNREACHABLE_CODE = YES;
				CLANG_WARN__DUPLICATE_METHOD_MATCH = YES;
				"CODE_SIGN_IDENTITY[sdk=iphoneos*]" = "iPhone Developer";
				COPY_PHASE_STRIP = YES;
				ENABLE_NS_ASSERTIONS = NO;
				ENABLE_STRICT_OBJC_MSGSEND = YES;
				GCC_C_LANGUAGE_STANDARD = gnu99;
				GCC_WARN_64_TO_32_BIT_CONVERSION = YES;
				GCC_WARN_ABOUT_RETURN_TYPE = YES_ERROR;
				GCC_WARN_UNDECLARED_SELECTOR = YES;
				GCC_WARN_UNINITIALIZED_AUTOS = YES_AGGRESSIVE;
				GCC_WARN_UNUSED_FUNCTION = YES;
				GCC_WARN_UNUSED_VARIABLE = YES;
				IPHONEOS_DEPLOYMENT_TARGET = 8.1;
				MTL_ENABLE_DEBUG_INFO = NO;
				SDKROOT = iphoneos;
				TARGETED_DEVICE_FAMILY = "1,2";
				VALIDATE_PRODUCT = YES;
			};
			name = Release;
		};
		E23C2D301A2E37BD00C2E090 /* Debug */ = {
			isa = XCBuildConfiguration;
			buildSettings = {
				ASSETCATALOG_COMPILER_APPICON_NAME = AppIcon;
				INFOPLIST_FILE = Gameeee/Info.plist;
				LD_RUNPATH_SEARCH_PATHS = "$(inherited) @executable_path/Frameworks";
				PRODUCT_NAME = "$(TARGET_NAME)";
			};
			name = Debug;
		};
		E23C2D311A2E37BD00C2E090 /* Release */ = {
			isa = XCBuildConfiguration;
			buildSettings = {
				ASSETCATALOG_COMPILER_APPICON_NAME = AppIcon;
				INFOPLIST_FILE = Gameeee/Info.plist;
				LD_RUNPATH_SEARCH_PATHS = "$(inherited) @executable_path/Frameworks";
				PRODUCT_NAME = "$(TARGET_NAME)";
			};
			name = Release;
		};
		E23C2D331A2E37BD00C2E090 /* Debug */ = {
			isa = XCBuildConfiguration;
			buildSettings = {
				BUNDLE_LOADER = "$(TEST_HOST)";
				FRAMEWORK_SEARCH_PATHS = (
					"$(SDKROOT)/Developer/Library/Frameworks",
					"$(inherited)",
				);
				GCC_PREPROCESSOR_DEFINITIONS = (
					"DEBUG=1",
					"$(inherited)",
				);
				INFOPLIST_FILE = GameeeeTests/Info.plist;
				LD_RUNPATH_SEARCH_PATHS = "$(inherited) @executable_path/Frameworks @loader_path/Frameworks";
				PRODUCT_NAME = "$(TARGET_NAME)";
				TEST_HOST = "$(BUILT_PRODUCTS_DIR)/Gameeee.app/Gameeee";
			};
			name = Debug;
		};
		E23C2D341A2E37BD00C2E090 /* Release */ = {
			isa = XCBuildConfiguration;
			buildSettings = {
				BUNDLE_LOADER = "$(TEST_HOST)";
				FRAMEWORK_SEARCH_PATHS = (
					"$(SDKROOT)/Developer/Library/Frameworks",
					"$(inherited)",
				);
				INFOPLIST_FILE = GameeeeTests/Info.plist;
				LD_RUNPATH_SEARCH_PATHS = "$(inherited) @executable_path/Frameworks @loader_path/Frameworks";
				PRODUCT_NAME = "$(TARGET_NAME)";
				TEST_HOST = "$(BUILT_PRODUCTS_DIR)/Gameeee.app/Gameeee";
			};
			name = Release;
		};
/* End XCBuildConfiguration section */

/* Begin XCConfigurationList section */
		E23C2D071A2E37BD00C2E090 /* Build configuration list for PBXProject "Gameeee" */ = {
			isa = XCConfigurationList;
			buildConfigurations = (
				E23C2D2D1A2E37BD00C2E090 /* Debug */,
				E23C2D2E1A2E37BD00C2E090 /* Release */,
			);
			defaultConfigurationIsVisible = 0;
			defaultConfigurationName = Release;
		};
		E23C2D2F1A2E37BD00C2E090 /* Build configuration list for PBXNativeTarget "Gameeee" */ = {
			isa = XCConfigurationList;
			buildConfigurations = (
				E23C2D301A2E37BD00C2E090 /* Debug */,
				E23C2D311A2E37BD00C2E090 /* Release */,
			);
			defaultConfigurationIsVisible = 0;
		};
		E23C2D321A2E37BD00C2E090 /* Build configuration list for PBXNativeTarget "GameeeeTests" */ = {
			isa = XCConfigurationList;
			buildConfigurations = (
				E23C2D331A2E37BD00C2E090 /* Debug */,
				E23C2D341A2E37BD00C2E090 /* Release */,
			);
			defaultConfigurationIsVisible = 0;
		};
/* End XCConfigurationList section */
	};
	rootObject = E23C2D041A2E37BD00C2E090 /* Project object */;
}
